
Microsoft Visual Studio Solution File, Format Version 12.00
# Visual Studio 2013
VisualStudioVersion = 12.0.31101.0
MinimumVisualStudioVersion = 10.0.40219.1
Project("{FAE04EC0-301F-11D3-BF4B-00C04F79EFBC}") = "01.NumbersFrom1ToN", "01.NumbersFrom1ToN\01.NumbersFrom1ToN.csproj", "{D9C78391-8FCC-4CCA-A0B0-8C866D3E2C87}"
EndProject
Project("{FAE04EC0-301F-11D3-BF4B-00C04F79EFBC}") = "02.NumberNotDivisibleBy3And7", "02.NumberNotDivisibleBy3And7\02.NumberNotDivisibleBy3And7.csproj", "{91AE0B99-661E-46BE-A8A3-96289B3A15D7}"
EndProject
Project("{FAE04EC0-301F-11D3-BF4B-00C04F79EFBC}") = "03.MinMaxSumAverageNNumbers", "03.MinMaxSumAverageNNumbers\03.MinMaxSumAverageNNumbers.csproj", "{AC44E6C0-CE64-4EE9-8FB5-53F5C8BE5171}"
EndProject
Project("{FAE04EC0-301F-11D3-BF4B-00C04F79EFBC}") = "04.PrintDeck52Cards", "04.PrintDeck52Cards\04.PrintDeck52Cards.csproj", "{0271C980-5C01-44FD-9EE9-B2FDB33141A8}"
EndProject
Project("{FAE04EC0-301F-11D3-BF4B-00C04F79EFBC}") = "05.CalculateFactorial", "05.CalculateFactorial\05.CalculateFactorial.csproj", "{4F3B0287-9970-4E60-936B-2A1C1AF04B56}"
EndProject
Project("{FAE04EC0-301F-11D3-BF4B-00C04F79EFBC}") = "06.NKFactorial", "06.NKFactorial\06.NKFactorial.csproj", "{415B07EC-F4C2-43BA-BA7A-6091B8648186}"
EndProject
Project("{FAE04EC0-301F-11D3-BF4B-00C04F79EFBC}") = "07.CalculateFormula", "07.CalculateFormula\07.CalculateFormula.csproj", "{CDCDA776-F1C7-43CB-B330-C0617EE0D810}"
EndProject
Project("{FAE04EC0-301F-11D3-BF4B-00C04F79EFBC}") = "08.CatalanNumbers", "08.CatalanNumbers\08.CatalanNumbers.csproj", "{210FAC4A-CC84-4A57-BA16-F1C273C55DE3}"
EndProject
Project("{FAE04EC0-301F-11D3-BF4B-00C04F79EFBC}") = "09.MatrixOfNumbers", "09.MatrixOfNumbers\09.MatrixOfNumbers.csproj", "{133266FC-825E-4AC9-955F-44E2F87012F2}"
EndProject
Global
	GlobalSection(SolutionConfigurationPlatforms) = preSolution
		Debug|Any CPU = Debug|Any CPU
		Release|Any CPU = Release|Any CPU
	EndGlobalSection
	GlobalSection(ProjectConfigurationPlatforms) = postSolution
		{D9C78391-8FCC-4CCA-A0B0-8C866D3E2C87}.Debug|Any CPU.ActiveCfg = Debug|Any CPU
		{D9C78391-8FCC-4CCA-A0B0-8C866D3E2C87}.Debug|Any CPU.Build.0 = Debug|Any CPU
		{D9C78391-8FCC-4CCA-A0B0-8C866D3E2C87}.Release|Any CPU.ActiveCfg = Release|Any CPU
		{D9C78391-8FCC-4CCA-A0B0-8C866D3E2C87}.Release|Any CPU.Build.0 = Release|Any CPU
		{91AE0B99-661E-46BE-A8A3-96289B3A15D7}.Debug|Any CPU.ActiveCfg = Debug|Any CPU
		{91AE0B99-661E-46BE-A8A3-96289B3A15D7}.Debug|Any CPU.Build.0 = Debug|Any CPU
		{91AE0B99-661E-46BE-A8A3-96289B3A15D7}.Release|Any CPU.ActiveCfg = Release|Any CPU
		{91AE0B99-661E-46BE-A8A3-96289B3A15D7}.Release|Any CPU.Build.0 = Release|Any CPU
		{AC44E6C0-CE64-4EE9-8FB5-53F5C8BE5171}.Debug|Any CPU.ActiveCfg = Debug|Any CPU
		{AC44E6C0-CE64-4EE9-8FB5-53F5C8BE5171}.Debug|Any CPU.Build.0 = Debug|Any CPU
		{AC44E6C0-CE64-4EE9-8FB5-53F5C8BE5171}.Release|Any CPU.ActiveCfg = Release|Any CPU
		{AC44E6C0-CE64-4EE9-8FB5-53F5C8BE5171}.Release|Any CPU.Build.0 = Release|Any CPU
		{0271C980-5C01-44FD-9EE9-B2FDB33141A8}.Debug|Any CPU.ActiveCfg = Debug|Any CPU
		{0271C980-5C01-44FD-9EE9-B2FDB33141A8}.Debug|Any CPU.Build.0 = Debug|Any CPU
		{0271C980-5C01-44FD-9EE9-B2FDB33141A8}.Release|Any CPU.ActiveCfg = Release|Any CPU
		{0271C980-5C01-44FD-9EE9-B2FDB33141A8}.Release|Any CPU.Build.0 = Release|Any CPU
		{4F3B0287-9970-4E60-936B-2A1C1AF04B56}.Debug|Any CPU.ActiveCfg = Debug|Any CPU
		{4F3B0287-9970-4E60-936B-2A1C1AF04B56}.Debug|Any CPU.Build.0 = Debug|Any CPU
		{4F3B0287-9970-4E60-936B-2A1C1AF04B56}.Release|Any CPU.ActiveCfg = Release|Any CPU
		{4F3B0287-9970-4E60-936B-2A1C1AF04B56}.Release|Any CPU.Build.0 = Release|Any CPU
		{415B07EC-F4C2-43BA-BA7A-6091B8648186}.Debug|Any CPU.ActiveCfg = Debug|Any CPU
		{415B07EC-F4C2-43BA-BA7A-6091B8648186}.Debug|Any CPU.Build.0 = Debug|Any CPU
		{415B07EC-F4C2-43BA-BA7A-6091B8648186}.Release|Any CPU.ActiveCfg = Release|Any CPU
		{415B07EC-F4C2-43BA-BA7A-6091B8648186}.Release|Any CPU.Build.0 = Release|Any CPU
		{CDCDA776-F1C7-43CB-B330-C0617EE0D810}.Debug|Any CPU.ActiveCfg = Debug|Any CPU
		{CDCDA776-F1C7-43CB-B330-C0617EE0D810}.Debug|Any CPU.Build.0 = Debug|Any CPU
		{CDCDA776-F1C7-43CB-B330-C0617EE0D810}.Release|Any CPU.ActiveCfg = Release|Any CPU
		{CDCDA776-F1C7-43CB-B330-C0617EE0D810}.Release|Any CPU.Build.0 = Release|Any CPU
		{210FAC4A-CC84-4A57-BA16-F1C273C55DE3}.Debug|Any CPU.ActiveCfg = Debug|Any CPU
		{210FAC4A-CC84-4A57-BA16-F1C273C55DE3}.Debug|Any CPU.Build.0 = Debug|Any CPU
		{210FAC4A-CC84-4A57-BA16-F1C273C55DE3}.Release|Any CPU.ActiveCfg = Release|Any CPU
		{210FAC4A-CC84-4A57-BA16-F1C273C55DE3}.Release|Any CPU.Build.0 = Release|Any CPU
		{133266FC-825E-4AC9-955F-44E2F87012F2}.Debug|Any CPU.ActiveCfg = Debug|Any CPU
		{133266FC-825E-4AC9-955F-44E2F87012F2}.Debug|Any CPU.Build.0 = Debug|Any CPU
		{133266FC-825E-4AC9-955F-44E2F87012F2}.Release|Any CPU.ActiveCfg = Release|Any CPU
		{133266FC-825E-4AC9-955F-44E2F87012F2}.Release|Any CPU.Build.0 = Release|Any CPU
	EndGlobalSection
	GlobalSection(SolutionProperties) = preSolution
		HideSolutionNode = FALSE
	EndGlobalSection
EndGlobal
